
Microsoft Visual Studio Solution File, Format Version 12.00
# Visual Studio Version 17
VisualStudioVersion = 17.0.31903.59
MinimumVisualStudioVersion = 10.0.40219.1
Project("{2150E333-8FDC-42A3-9474-1A3956D46DE8}") = "src", "src", "{827E0CD3-B72D-47B6-A68D-7590B98EB39B}"
EndProject
Project("{FAE04EC0-301F-11D3-BF4B-00C04F79EFBC}") = "McpGateway.Core", "src\McpGateway.Core\McpGateway.Core.csproj", "{795DE2EA-B83D-48D0-845C-5568DB5D8C2C}"
EndProject
Project("{FAE04EC0-301F-11D3-BF4B-00C04F79EFBC}") = "McpGateway.Persistence", "src\McpGateway.Persistence\McpGateway.Persistence.csproj", "{BF536464-3338-4BDA-BCC3-F907568B603C}"
EndProject
Project("{2150E333-8FDC-42A3-9474-1A3956D46DE8}") = "tests", "tests", "{0AB3BF05-4346-4AA6-1389-037BE0695223}"
EndProject
Project("{FAE04EC0-301F-11D3-BF4B-00C04F79EFBC}") = "McpGateway.IntegrationTests", "tests\McpGateway.IntegrationTests\McpGateway.IntegrationTests.csproj", "{848F5BD6-984E-4919-A85F-95E9D4DAAB89}"
EndProject
Project("{FAE04EC0-301F-11D3-BF4B-00C04F79EFBC}") = "McpGateway.UnitTests", "tests\McpGateway.UnitTests\McpGateway.UnitTests.csproj", "{1AAE5203-D01C-45FC-AE61-B15648546B97}"
EndProject
Project("{FAE04EC0-301F-11D3-BF4B-00C04F79EFBC}") = "McpGateway.Api", "src\McpGateway.Api\McpGateway.Api.csproj", "{F4388286-FC58-4903-8939-4D6E7ABE440D}"
EndProject
Project("{FAE04EC0-301F-11D3-BF4B-00C04F79EFBC}") = "McpGateway.Telemetry", "src\McpGateway.Telemetry\McpGateway.Telemetry.csproj", "{B7063EC2-3E39-4112-A075-28B152619213}"
EndProject
Project("{FAE04EC0-301F-11D3-BF4B-00C04F79EFBC}") = "McpGateway.Management", "src\McpGateway.Management\McpGateway.Management.csproj", "{B2C8DC34-B5B3-487D-B8B6-907E9EEA511E}"
EndProject
Project("{FAE04EC0-301F-11D3-BF4B-00C04F79EFBC}") = "McpGateway.McpSdk", "src\McpGateway.McpSdk\McpGateway.McpSdk.csproj", "{00A8B620-03B0-481D-A16D-8CAB8D61AD91}"
EndProject
Project("{FAE04EC0-301F-11D3-BF4B-00C04F79EFBC}") = "McpGateway.BddTests", "tests\McpGateway.BddTests\McpGateway.BddTests.csproj", "{884BA08D-5DF9-4FAC-8317-D1747AD4A7A8}"
EndProject
Global
	GlobalSection(SolutionConfigurationPlatforms) = preSolution
		Debug|Any CPU = Debug|Any CPU
		Debug|x64 = Debug|x64
		Debug|x86 = Debug|x86
		Release|Any CPU = Release|Any CPU
		Release|x64 = Release|x64
		Release|x86 = Release|x86
	EndGlobalSection
	GlobalSection(ProjectConfigurationPlatforms) = postSolution
		{795DE2EA-B83D-48D0-845C-5568DB5D8C2C}.Debug|Any CPU.ActiveCfg = Debug|Any CPU
		{795DE2EA-B83D-48D0-845C-5568DB5D8C2C}.Debug|Any CPU.Build.0 = Debug|Any CPU
		{795DE2EA-B83D-48D0-845C-5568DB5D8C2C}.Debug|x64.ActiveCfg = Debug|Any CPU
		{795DE2EA-B83D-48D0-845C-5568DB5D8C2C}.Debug|x64.Build.0 = Debug|Any CPU
		{795DE2EA-B83D-48D0-845C-5568DB5D8C2C}.Debug|x86.ActiveCfg = Debug|Any CPU
		{795DE2EA-B83D-48D0-845C-5568DB5D8C2C}.Debug|x86.Build.0 = Debug|Any CPU
		{795DE2EA-B83D-48D0-845C-5568DB5D8C2C}.Release|Any CPU.ActiveCfg = Release|Any CPU
		{795DE2EA-B83D-48D0-845C-5568DB5D8C2C}.Release|Any CPU.Build.0 = Release|Any CPU
		{795DE2EA-B83D-48D0-845C-5568DB5D8C2C}.Release|x64.ActiveCfg = Release|Any CPU
		{795DE2EA-B83D-48D0-845C-5568DB5D8C2C}.Release|x64.Build.0 = Release|Any CPU
		{795DE2EA-B83D-48D0-845C-5568DB5D8C2C}.Release|x86.ActiveCfg = Release|Any CPU
		{795DE2EA-B83D-48D0-845C-5568DB5D8C2C}.Release|x86.Build.0 = Release|Any CPU
		{BF536464-3338-4BDA-BCC3-F907568B603C}.Debug|Any CPU.ActiveCfg = Debug|Any CPU
		{BF536464-3338-4BDA-BCC3-F907568B603C}.Debug|Any CPU.Build.0 = Debug|Any CPU
		{BF536464-3338-4BDA-BCC3-F907568B603C}.Debug|x64.ActiveCfg = Debug|Any CPU
		{BF536464-3338-4BDA-BCC3-F907568B603C}.Debug|x64.Build.0 = Debug|Any CPU
		{BF536464-3338-4BDA-BCC3-F907568B603C}.Debug|x86.ActiveCfg = Debug|Any CPU
		{BF536464-3338-4BDA-BCC3-F907568B603C}.Debug|x86.Build.0 = Debug|Any CPU
		{BF536464-3338-4BDA-BCC3-F907568B603C}.Release|Any CPU.ActiveCfg = Release|Any CPU
		{BF536464-3338-4BDA-BCC3-F907568B603C}.Release|Any CPU.Build.0 = Release|Any CPU
		{BF536464-3338-4BDA-BCC3-F907568B603C}.Release|x64.ActiveCfg = Release|Any CPU
		{BF536464-3338-4BDA-BCC3-F907568B603C}.Release|x64.Build.0 = Release|Any CPU
		{BF536464-3338-4BDA-BCC3-F907568B603C}.Release|x86.ActiveCfg = Release|Any CPU
		{BF536464-3338-4BDA-BCC3-F907568B603C}.Release|x86.Build.0 = Release|Any CPU
		{848F5BD6-984E-4919-A85F-95E9D4DAAB89}.Debug|Any CPU.ActiveCfg = Debug|Any CPU
		{848F5BD6-984E-4919-A85F-95E9D4DAAB89}.Debug|Any CPU.Build.0 = Debug|Any CPU
		{848F5BD6-984E-4919-A85F-95E9D4DAAB89}.Debug|x64.ActiveCfg = Debug|Any CPU
		{848F5BD6-984E-4919-A85F-95E9D4DAAB89}.Debug|x64.Build.0 = Debug|Any CPU
		{848F5BD6-984E-4919-A85F-95E9D4DAAB89}.Debug|x86.ActiveCfg = Debug|Any CPU
		{848F5BD6-984E-4919-A85F-95E9D4DAAB89}.Debug|x86.Build.0 = Debug|Any CPU
		{848F5BD6-984E-4919-A85F-95E9D4DAAB89}.Release|Any CPU.ActiveCfg = Release|Any CPU
		{848F5BD6-984E-4919-A85F-95E9D4DAAB89}.Release|Any CPU.Build.0 = Release|Any CPU
		{848F5BD6-984E-4919-A85F-95E9D4DAAB89}.Release|x64.ActiveCfg = Release|Any CPU
		{848F5BD6-984E-4919-A85F-95E9D4DAAB89}.Release|x64.Build.0 = Release|Any CPU
		{848F5BD6-984E-4919-A85F-95E9D4DAAB89}.Release|x86.ActiveCfg = Release|Any CPU
		{848F5BD6-984E-4919-A85F-95E9D4DAAB89}.Release|x86.Build.0 = Release|Any CPU
		{1AAE5203-D01C-45FC-AE61-B15648546B97}.Debug|Any CPU.ActiveCfg = Debug|Any CPU
		{1AAE5203-D01C-45FC-AE61-B15648546B97}.Debug|Any CPU.Build.0 = Debug|Any CPU
		{1AAE5203-D01C-45FC-AE61-B15648546B97}.Debug|x64.ActiveCfg = Debug|Any CPU
		{1AAE5203-D01C-45FC-AE61-B15648546B97}.Debug|x64.Build.0 = Debug|Any CPU
		{1AAE5203-D01C-45FC-AE61-B15648546B97}.Debug|x86.ActiveCfg = Debug|Any CPU
		{1AAE5203-D01C-45FC-AE61-B15648546B97}.Debug|x86.Build.0 = Debug|Any CPU
		{1AAE5203-D01C-45FC-AE61-B15648546B97}.Release|Any CPU.ActiveCfg = Release|Any CPU
		{1AAE5203-D01C-45FC-AE61-B15648546B97}.Release|Any CPU.Build.0 = Release|Any CPU
		{1AAE5203-D01C-45FC-AE61-B15648546B97}.Release|x64.ActiveCfg = Release|Any CPU
		{1AAE5203-D01C-45FC-AE61-B15648546B97}.Release|x64.Build.0 = Release|Any CPU
		{1AAE5203-D01C-45FC-AE61-B15648546B97}.Release|x86.ActiveCfg = Release|Any CPU
		{1AAE5203-D01C-45FC-AE61-B15648546B97}.Release|x86.Build.0 = Release|Any CPU
		{F4388286-FC58-4903-8939-4D6E7ABE440D}.Debug|Any CPU.ActiveCfg = Debug|Any CPU
		{F4388286-FC58-4903-8939-4D6E7ABE440D}.Debug|Any CPU.Build.0 = Debug|Any CPU
		{F4388286-FC58-4903-8939-4D6E7ABE440D}.Debug|x64.ActiveCfg = Debug|Any CPU
		{F4388286-FC58-4903-8939-4D6E7ABE440D}.Debug|x64.Build.0 = Debug|Any CPU
		{F4388286-FC58-4903-8939-4D6E7ABE440D}.Debug|x86.ActiveCfg = Debug|Any CPU
		{F4388286-FC58-4903-8939-4D6E7ABE440D}.Debug|x86.Build.0 = Debug|Any CPU
		{F4388286-FC58-4903-8939-4D6E7ABE440D}.Release|Any CPU.ActiveCfg = Release|Any CPU
		{F4388286-FC58-4903-8939-4D6E7ABE440D}.Release|Any CPU.Build.0 = Release|Any CPU
		{F4388286-FC58-4903-8939-4D6E7ABE440D}.Release|x64.ActiveCfg = Release|Any CPU
		{F4388286-FC58-4903-8939-4D6E7ABE440D}.Release|x64.Build.0 = Release|Any CPU
		{F4388286-FC58-4903-8939-4D6E7ABE440D}.Release|x86.ActiveCfg = Release|Any CPU
		{F4388286-FC58-4903-8939-4D6E7ABE440D}.Release|x86.Build.0 = Release|Any CPU
		{B7063EC2-3E39-4112-A075-28B152619213}.Debug|Any CPU.ActiveCfg = Debug|Any CPU
		{B7063EC2-3E39-4112-A075-28B152619213}.Debug|Any CPU.Build.0 = Debug|Any CPU
		{B7063EC2-3E39-4112-A075-28B152619213}.Debug|x64.ActiveCfg = Debug|Any CPU
		{B7063EC2-3E39-4112-A075-28B152619213}.Debug|x64.Build.0 = Debug|Any CPU
		{B7063EC2-3E39-4112-A075-28B152619213}.Debug|x86.ActiveCfg = Debug|Any CPU
		{B7063EC2-3E39-4112-A075-28B152619213}.Debug|x86.Build.0 = Debug|Any CPU
		{B7063EC2-3E39-4112-A075-28B152619213}.Release|Any CPU.ActiveCfg = Release|Any CPU
		{B7063EC2-3E39-4112-A075-28B152619213}.Release|Any CPU.Build.0 = Release|Any CPU
		{B7063EC2-3E39-4112-A075-28B152619213}.Release|x64.ActiveCfg = Release|Any CPU
		{B7063EC2-3E39-4112-A075-28B152619213}.Release|x64.Build.0 = Release|Any CPU
		{B7063EC2-3E39-4112-A075-28B152619213}.Release|x86.ActiveCfg = Release|Any CPU
		{B7063EC2-3E39-4112-A075-28B152619213}.Release|x86.Build.0 = Release|Any CPU
		{B2C8DC34-B5B3-487D-B8B6-907E9EEA511E}.Debug|Any CPU.ActiveCfg = Debug|Any CPU
		{B2C8DC34-B5B3-487D-B8B6-907E9EEA511E}.Debug|Any CPU.Build.0 = Debug|Any CPU
		{B2C8DC34-B5B3-487D-B8B6-907E9EEA511E}.Debug|x64.ActiveCfg = Debug|Any CPU
		{B2C8DC34-B5B3-487D-B8B6-907E9EEA511E}.Debug|x64.Build.0 = Debug|Any CPU
		{B2C8DC34-B5B3-487D-B8B6-907E9EEA511E}.Debug|x86.ActiveCfg = Debug|Any CPU
		{B2C8DC34-B5B3-487D-B8B6-907E9EEA511E}.Debug|x86.Build.0 = Debug|Any CPU
		{B2C8DC34-B5B3-487D-B8B6-907E9EEA511E}.Release|Any CPU.ActiveCfg = Release|Any CPU
		{B2C8DC34-B5B3-487D-B8B6-907E9EEA511E}.Release|Any CPU.Build.0 = Release|Any CPU
		{B2C8DC34-B5B3-487D-B8B6-907E9EEA511E}.Release|x64.ActiveCfg = Release|Any CPU
		{B2C8DC34-B5B3-487D-B8B6-907E9EEA511E}.Release|x64.Build.0 = Release|Any CPU
		{B2C8DC34-B5B3-487D-B8B6-907E9EEA511E}.Release|x86.ActiveCfg = Release|Any CPU
		{B2C8DC34-B5B3-487D-B8B6-907E9EEA511E}.Release|x86.Build.0 = Release|Any CPU
		{00A8B620-03B0-481D-A16D-8CAB8D61AD91}.Debug|Any CPU.ActiveCfg = Debug|Any CPU
		{00A8B620-03B0-481D-A16D-8CAB8D61AD91}.Debug|Any CPU.Build.0 = Debug|Any CPU
		{00A8B620-03B0-481D-A16D-8CAB8D61AD91}.Debug|x64.ActiveCfg = Debug|Any CPU
		{00A8B620-03B0-481D-A16D-8CAB8D61AD91}.Debug|x64.Build.0 = Debug|Any CPU
		{00A8B620-03B0-481D-A16D-8CAB8D61AD91}.Debug|x86.ActiveCfg = Debug|Any CPU
		{00A8B620-03B0-481D-A16D-8CAB8D61AD91}.Debug|x86.Build.0 = Debug|Any CPU
		{00A8B620-03B0-481D-A16D-8CAB8D61AD91}.Release|Any CPU.ActiveCfg = Release|Any CPU
		{00A8B620-03B0-481D-A16D-8CAB8D61AD91}.Release|Any CPU.Build.0 = Release|Any CPU
		{00A8B620-03B0-481D-A16D-8CAB8D61AD91}.Release|x64.ActiveCfg = Release|Any CPU
		{00A8B620-03B0-481D-A16D-8CAB8D61AD91}.Release|x64.Build.0 = Release|Any CPU
		{00A8B620-03B0-481D-A16D-8CAB8D61AD91}.Release|x86.ActiveCfg = Release|Any CPU
		{00A8B620-03B0-481D-A16D-8CAB8D61AD91}.Release|x86.Build.0 = Release|Any CPU
		{884BA08D-5DF9-4FAC-8317-D1747AD4A7A8}.Debug|Any CPU.ActiveCfg = Debug|Any CPU
		{884BA08D-5DF9-4FAC-8317-D1747AD4A7A8}.Debug|Any CPU.Build.0 = Debug|Any CPU
		{884BA08D-5DF9-4FAC-8317-D1747AD4A7A8}.Debug|x64.ActiveCfg = Debug|Any CPU
		{884BA08D-5DF9-4FAC-8317-D1747AD4A7A8}.Debug|x64.Build.0 = Debug|Any CPU
		{884BA08D-5DF9-4FAC-8317-D1747AD4A7A8}.Debug|x86.ActiveCfg = Debug|Any CPU
		{884BA08D-5DF9-4FAC-8317-D1747AD4A7A8}.Debug|x86.Build.0 = Debug|Any CPU
		{884BA08D-5DF9-4FAC-8317-D1747AD4A7A8}.Release|Any CPU.ActiveCfg = Release|Any CPU
		{884BA08D-5DF9-4FAC-8317-D1747AD4A7A8}.Release|Any CPU.Build.0 = Release|Any CPU
		{884BA08D-5DF9-4FAC-8317-D1747AD4A7A8}.Release|x64.ActiveCfg = Release|Any CPU
		{884BA08D-5DF9-4FAC-8317-D1747AD4A7A8}.Release|x64.Build.0 = Release|Any CPU
		{884BA08D-5DF9-4FAC-8317-D1747AD4A7A8}.Release|x86.ActiveCfg = Release|Any CPU
		{884BA08D-5DF9-4FAC-8317-D1747AD4A7A8}.Release|x86.Build.0 = Release|Any CPU
	EndGlobalSection
	GlobalSection(SolutionProperties) = preSolution
		HideSolutionNode = FALSE
	EndGlobalSection
	GlobalSection(NestedProjects) = preSolution
		{795DE2EA-B83D-48D0-845C-5568DB5D8C2C} = {827E0CD3-B72D-47B6-A68D-7590B98EB39B}
		{BF536464-3338-4BDA-BCC3-F907568B603C} = {827E0CD3-B72D-47B6-A68D-7590B98EB39B}
		{848F5BD6-984E-4919-A85F-95E9D4DAAB89} = {0AB3BF05-4346-4AA6-1389-037BE0695223}
		{1AAE5203-D01C-45FC-AE61-B15648546B97} = {0AB3BF05-4346-4AA6-1389-037BE0695223}
		{F4388286-FC58-4903-8939-4D6E7ABE440D} = {827E0CD3-B72D-47B6-A68D-7590B98EB39B}
		{B7063EC2-3E39-4112-A075-28B152619213} = {827E0CD3-B72D-47B6-A68D-7590B98EB39B}
		{B2C8DC34-B5B3-487D-B8B6-907E9EEA511E} = {827E0CD3-B72D-47B6-A68D-7590B98EB39B}
		{00A8B620-03B0-481D-A16D-8CAB8D61AD91} = {827E0CD3-B72D-47B6-A68D-7590B98EB39B}
		{884BA08D-5DF9-4FAC-8317-D1747AD4A7A8} = {0AB3BF05-4346-4AA6-1389-037BE0695223}
	EndGlobalSection
EndGlobal
